
Microsoft Visual Studio Solution File, Format Version 12.00
# Visual Studio Version 17
VisualStudioVersion = 17.2.32516.85
MinimumVisualStudioVersion = 10.0.40219.1
Project("{FAE04EC0-301F-11D3-BF4B-00C04F79EFBC}") = "error-handling-demo", "error-handling-demo\error-handling-demo.csproj", "{859E50ED-F727-4348-B155-CF4CA0CE2A08}"
EndProject
Global
	GlobalSection(SolutionConfigurationPlatforms) = preSolution
		Debug|Any CPU = Debug|Any CPU
		Release|Any CPU = Release|Any CPU
	EndGlobalSection
	GlobalSection(ProjectConfigurationPlatforms) = postSolution
		{859E50ED-F727-4348-B155-CF4CA0CE2A08}.Debug|Any CPU.ActiveCfg = Debug|Any CPU
		{859E50ED-F727-4348-B155-CF4CA0CE2A08}.Debug|Any CPU.Build.0 = Debug|Any CPU
		{859E50ED-F727-4348-B155-CF4CA0CE2A08}.Release|Any CPU.ActiveCfg = Release|Any CPU
		{859E50ED-F727-4348-B155-CF4CA0CE2A08}.Release|Any CPU.Build.0 = Release|Any CPU
	EndGlobalSection
	GlobalSection(SolutionProperties) = preSolution
		HideSolutionNode = FALSE
	EndGlobalSection
	GlobalSection(ExtensibilityGlobals) = postSolution
		SolutionGuid = {8FEB27F1-0CFC-40DA-A780-00B062F3C376}
	EndGlobalSection
EndGlobal
